
Microsoft Visual Studio Solution File, Format Version 12.00
# Visual Studio Version 17
VisualStudioVersion = 17.7.34221.43
MinimumVisualStudioVersion = 10.0.40219.1
Project("{9A19103F-16F7-4668-BE54-9A1E7A4F7556}") = "PhoneBook", "PhoneBook.csproj", "{7EF6B3D9-2CB5-43A4-9200-7B96FEDED7D8}"
EndProject
Project("{FAE04EC0-301F-11D3-BF4B-00C04F79EFBC}") = "PartyOrganiser", "..\PartyOrganiser\PartyOrganiser.csproj", "{C16D95A2-9A00-4892-A189-7774A4B0AFDB}"
EndProject
Global
	GlobalSection(SolutionConfigurationPlatforms) = preSolution
		Debug|Any CPU = Debug|Any CPU
		Release|Any CPU = Release|Any CPU
	EndGlobalSection
	GlobalSection(ProjectConfigurationPlatforms) = postSolution
		{7EF6B3D9-2CB5-43A4-9200-7B96FEDED7D8}.Debug|Any CPU.ActiveCfg = Debug|Any CPU
		{7EF6B3D9-2CB5-43A4-9200-7B96FEDED7D8}.Debug|Any CPU.Build.0 = Debug|Any CPU
		{7EF6B3D9-2CB5-43A4-9200-7B96FEDED7D8}.Release|Any CPU.ActiveCfg = Release|Any CPU
		{7EF6B3D9-2CB5-43A4-9200-7B96FEDED7D8}.Release|Any CPU.Build.0 = Release|Any CPU
		{C16D95A2-9A00-4892-A189-7774A4B0AFDB}.Debug|Any CPU.ActiveCfg = Debug|Any CPU
		{C16D95A2-9A00-4892-A189-7774A4B0AFDB}.Debug|Any CPU.Build.0 = Debug|Any CPU
		{C16D95A2-9A00-4892-A189-7774A4B0AFDB}.Release|Any CPU.ActiveCfg = Release|Any CPU
		{C16D95A2-9A00-4892-A189-7774A4B0AFDB}.Release|Any CPU.Build.0 = Release|Any CPU
	EndGlobalSection
	GlobalSection(SolutionProperties) = preSolution
		HideSolutionNode = FALSE
	EndGlobalSection
	GlobalSection(ExtensibilityGlobals) = postSolution
		SolutionGuid = {50F3017F-55AD-4BF9-9ADF-7685313A36BA}
	EndGlobalSection
EndGlobal
